<?xml version="1.0" encoding="utf-8"?>
<Project ToolsVersion="4.0" xmlns="http://schemas.microsoft.com/developer/msbuild/2003">
  <ItemGroup>
    <Filter Include="Source Files">
      <UniqueIdentifier>{4FC737F1-C7A5-4376-A066-2A32D752A2FF}</UniqueIdentifier>
      <Extensions>cpp;c;cc;cxx;def;odl;idl;hpj;bat;asm;asmx</Extensions>
    </Filter>
    <Filter Include="Source Files\Engine">
      <UniqueIdentifier>{ccdbdf11-c381-4f92-bf67-ba05fce45ca0}</UniqueIdentifier>
    </Filter>
    <Filter Include="Source Files\Engine\Public">
      <UniqueIdentifier>{75c2830e-ea9b-4f39-a9f0-30582628d811}</UniqueIdentifier>
    </Filter>
    <Filter Include="Source Files\Game">
      <UniqueIdentifier>{3f73a39c-59f6-4cb6-a0b8-d251275c643c}</UniqueIdentifier>
    </Filter>
    <Filter Include="Source Files\Game\Public">
      <UniqueIdentifier>{6dcd4022-feb1-45d9-a4a5-3b9cee46ecd8}</UniqueIdentifier>
    </Filter>
    <Filter Include="Source Files\Game\Private">
      <UniqueIdentifier>{9e4c503e-26a9-484b-be5c-d94f35576fc3}</UniqueIdentifier>
    </Filter>
    <Filter Include="Source Files\Game\Private\Math">
      <UniqueIdentifier>{957317a7-619a-4991-951d-120d4dda4d58}</UniqueIdentifier>
    </Filter>
    <Filter Include="Source Files\Game\Private\GameObjects">
      <UniqueIdentifier>{44194d64-e192-4948-9240-4e3de1fffcec}</UniqueIdentifier>
    </Filter>
    <Filter Include="Source Files\Game\Private\Player">
      <UniqueIdentifier>{1eb6f167-df90-4ba0-a322-75e6530545ac}</UniqueIdentifier>
    </Filter>
    <Filter Include="Source Files\Game\Private\Components">
      <UniqueIdentifier>{e634887b-f661-449c-a93a-738f649e09f5}</UniqueIdentifier>
    </Filter>
    <Filter Include="Source Files\Game\Private\Physics">
      <UniqueIdentifier>{d1297316-6f4c-41db-ba31-5db5438049b9}</UniqueIdentifier>
    </Filter>
  </ItemGroup>
  <ItemGroup>
    <ClInclude Include="Engine\Public\EngineInterface.h">
      <Filter>Source Files\Engine\Public</Filter>
    </ClInclude>
    <ClInclude Include="Engine\Public\EngineTypes.h">
      <Filter>Source Files\Engine\Public</Filter>
    </ClInclude>
    <ClInclude Include="Game\Public\GameInterface.h">
      <Filter>Source Files\Game\Public</Filter>
    </ClInclude>
    <ClInclude Include="Engine\Public\SDL.h">
      <Filter>Source Files\Engine\Public</Filter>
    </ClInclude>
    <ClInclude Include="MathLibrary.h">
      <Filter>Source Files\Game\Private\Math</Filter>
    </ClInclude>
    <ClInclude Include="PlayerController.h">
      <Filter>Source Files\Game\Private\Player</Filter>
    </ClInclude>
    <ClInclude Include="Utils.h">
      <Filter>Source Files\Game\Private</Filter>
    </ClInclude>
    <ClInclude Include="COGBoxShape.h">
      <Filter>Source Files\Game\Private\Components</Filter>
    </ClInclude>
    <ClInclude Include="COGShape.h">
      <Filter>Source Files\Game\Private\Components</Filter>
    </ClInclude>
    <ClInclude Include="COGTransform.h">
      <Filter>Source Files\Game\Private\Components</Filter>
    </ClInclude>
    <ClInclude Include="Component.h">
      <Filter>Source Files\Game\Private\Components</Filter>
    </ClInclude>
    <ClInclude Include="ComponentType.h">
      <Filter>Source Files\Game\Private\Components</Filter>
    </ClInclude>
    <ClInclude Include="GameObject.h">
      <Filter>Source Files\Game\Private\GameObjects</Filter>
    </ClInclude>
    <ClInclude Include="COGCircleShape.h">
      <Filter>Source Files\Game\Private\Components</Filter>
    </ClInclude>
    <ClInclude Include="IPhysicsCollisionEvent.h">
      <Filter>Source Files\Game\Private\Physics</Filter>
    </ClInclude>
    <ClInclude Include="COGPhysics.h">
      <Filter>Source Files\Game\Private\Physics</Filter>
    </ClInclude>
    <ClInclude Include="GOTag.h">
      <Filter>Source Files\Game\Private\GameObjects</Filter>
    </ClInclude>
    <ClInclude Include="COGBall.h">
      <Filter>Source Files\Game\Private\Physics</Filter>
    </ClInclude>
    <ClInclude Include="COGPaddle.h">
      <Filter>Source Files\Game\Private\Physics</Filter>
    </ClInclude>
  </ItemGroup>
  <ItemGroup>
    <ClCompile Include="Game\Private\Main.cpp">
      <Filter>Source Files\Game\Private</Filter>
    </ClCompile>
    <ClCompile Include="Game\Private\Game.cpp">
      <Filter>Source Files\Game\Private</Filter>
    </ClCompile>
    <ClCompile Include="PlayerController.cpp">
      <Filter>Source Files\Game\Private\Player</Filter>
    </ClCompile>
    <ClCompile Include="COGBoxShape.cpp">
      <Filter>Source Files\Game\Private\Components</Filter>
    </ClCompile>
    <ClCompile Include="COGShape.cpp">
      <Filter>Source Files\Game\Private\Components</Filter>
    </ClCompile>
    <ClCompile Include="Component.cpp">
      <Filter>Source Files\Game\Private\Components</Filter>
    </ClCompile>
    <ClCompile Include="GOGTransform.cpp">
      <Filter>Source Files\Game\Private\Components</Filter>
    </ClCompile>
    <ClCompile Include="GameObject.cpp">
      <Filter>Source Files\Game\Private\GameObjects</Filter>
    </ClCompile>
    <ClCompile Include="COGCircleShape.cpp">
      <Filter>Source Files\Game\Private\Components</Filter>
    </ClCompile>
    <ClCompile Include="COGPhysics.cpp">
      <Filter>Source Files\Game\Private\Physics</Filter>
    </ClCompile>
    <ClCompile Include="COGBall.cpp">
      <Filter>Source Files\Game\Private\Physics</Filter>
    </ClCompile>
    <ClCompile Include="COGPaddle.cpp">
      <Filter>Source Files\Game\Private\Physics</Filter>
    </ClCompile>
    <ClCompile Include="ComponentType.cpp">
      <Filter>Source Files\Game\Private\Components</Filter>
    </ClCompile>
    <ClCompile Include="GOTag.cpp">
      <Filter>Source Files\Game\Private\GameObjects</Filter>
    </ClCompile>
  </ItemGroup>
</Project>